{
  "lockfileVersion": 1,
  "workspaces": {
    "": {
      "dependencies": {
        "antlr4": "^4.13.2",
        "antlr4ts": "^0.5.0-alpha.4",
      },
    },
  },
  "packages": {
    "antlr4": ["antlr4@4.13.2", "", {}, "sha512-QiVbZhyy4xAZ17UPEuG3YTOt8ZaoeOR1CvEAqrEsDBsOqINslaB147i9xqljZqoyf5S+EUlGStaj+t22LT9MOg=="],

    "antlr4ts": ["antlr4ts@0.5.0-alpha.4", "", {}, "sha512-WPQDt1B74OfPv/IMS2ekXAKkTZIHl88uMetg6q3OTqgFxZ/dxDXI0EWLyZid/1Pe6hTftyg5N7gel5wNAGxXyQ=="],
  }
}
